// !$*UTF8*$!
{
	archiveVersion = 1;
	classes = {
	};
	objectVersion = 46;
	objects = {

/* Begin PBXBuildFile section */
		5E9540631F6A3204009F5697 /* AppDelegate.swift in Sources */ = {isa = PBXBuildFile; fileRef = 5E9540621F6A3204009F5697 /* AppDelegate.swift */; };
		5E9540651F6A3204009F5697 /* ViewController.swift in Sources */ = {isa = PBXBuildFile; fileRef = 5E9540641F6A3204009F5697 /* ViewController.swift */; };
		5E9540671F6A3204009F5697 /* Assets.xcassets in Resources */ = {isa = PBXBuildFile; fileRef = 5E9540661F6A3204009F5697 /* Assets.xcassets */; };
		5E95406A1F6A3204009F5697 /* Main.storyboard in Resources */ = {isa = PBXBuildFile; fileRef = 5E9540681F6A3204009F5697 /* Main.storyboard */; };
		5E9540751F6A3204009F5697 /* test_drag_2Tests.swift in Sources */ = {isa = PBXBuildFile; fileRef = 5E9540741F6A3204009F5697 /* test_drag_2Tests.swift */; };
		5E9540801F6A3204009F5697 /* test_drag_2UITests.swift in Sources */ = {isa = PBXBuildFile; fileRef = 5E95407F1F6A3204009F5697 /* test_drag_2UITests.swift */; };
		5E95408E1F6A3248009F5697 /* mainContainerView.swift in Sources */ = {isa = PBXBuildFile; fileRef = 5E95408D1F6A3248009F5697 /* mainContainerView.swift */; };
		5EC4B1191F6F2B4100D8695C /* Extensions.swift in Sources */ = {isa = PBXBuildFile; fileRef = 5EC4B1181F6F2B4100D8695C /* Extensions.swift */; };
/* End PBXBuildFile section */

/* Begin PBXContainerItemProxy section */
		5E9540711F6A3204009F5697 /* PBXContainerItemProxy */ = {
			isa = PBXContainerItemProxy;
			containerPortal = 5E9540571F6A3204009F5697 /* Project object */;
			proxyType = 1;
			remoteGlobalIDString = 5E95405E1F6A3204009F5697;
			remoteInfo = "test drag 2";
		};
		5E95407C1F6A3204009F5697 /* PBXContainerItemProxy */ = {
			isa = PBXContainerItemProxy;
			containerPortal = 5E9540571F6A3204009F5697 /* Project object */;
			proxyType = 1;
			remoteGlobalIDString = 5E95405E1F6A3204009F5697;
			remoteInfo = "test drag 2";
		};
/* End PBXContainerItemProxy section */

/* Begin PBXFileReference section */
		5E95405F1F6A3204009F5697 /* test drag 2.app */ = {isa = PBXFileReference; explicitFileType = wrapper.application; includeInIndex = 0; path = "test drag 2.app"; sourceTree = BUILT_PRODUCTS_DIR; };
		5E9540621F6A3204009F5697 /* AppDelegate.swift */ = {isa = PBXFileReference; lastKnownFileType = sourcecode.swift; path = AppDelegate.swift; sourceTree = "<group>"; };
		5E9540641F6A3204009F5697 /* ViewController.swift */ = {isa = PBXFileReference; lastKnownFileType = sourcecode.swift; path = ViewController.swift; sourceTree = "<group>"; };
		5E9540661F6A3204009F5697 /* Assets.xcassets */ = {isa = PBXFileReference; lastKnownFileType = folder.assetcatalog; path = Assets.xcassets; sourceTree = "<group>"; };
		5E9540691F6A3204009F5697 /* Base */ = {isa = PBXFileReference; lastKnownFileType = file.storyboard; name = Base; path = Base.lproj/Main.storyboard; sourceTree = "<group>"; };
		5E95406B1F6A3204009F5697 /* Info.plist */ = {isa = PBXFileReference; lastKnownFileType = text.plist.xml; path = Info.plist; sourceTree = "<group>"; };
		5E9540701F6A3204009F5697 /* test drag 2Tests.xctest */ = {isa = PBXFileReference; explicitFileType = wrapper.cfbundle; includeInIndex = 0; path = "test drag 2Tests.xctest"; sourceTree = BUILT_PRODUCTS_DIR; };
		5E9540741F6A3204009F5697 /* test_drag_2Tests.swift */ = {isa = PBXFileReference; lastKnownFileType = sourcecode.swift; path = test_drag_2Tests.swift; sourceTree = "<group>"; };
		5E9540761F6A3204009F5697 /* Info.plist */ = {isa = PBXFileReference; lastKnownFileType = text.plist.xml; path = Info.plist; sourceTree = "<group>"; };
		5E95407B1F6A3204009F5697 /* test drag 2UITests.xctest */ = {isa = PBXFileReference; explicitFileType = wrapper.cfbundle; includeInIndex = 0; path = "test drag 2UITests.xctest"; sourceTree = BUILT_PRODUCTS_DIR; };
		5E95407F1F6A3204009F5697 /* test_drag_2UITests.swift */ = {isa = PBXFileReference; lastKnownFileType = sourcecode.swift; path = test_drag_2UITests.swift; sourceTree = "<group>"; };
		5E9540811F6A3204009F5697 /* Info.plist */ = {isa = PBXFileReference; lastKnownFileType = text.plist.xml; path = Info.plist; sourceTree = "<group>"; };
		5E95408D1F6A3248009F5697 /* mainContainerView.swift */ = {isa = PBXFileReference; fileEncoding = 4; lastKnownFileType = sourcecode.swift; path = mainContainerView.swift; sourceTree = "<group>"; };
		5EC4B1181F6F2B4100D8695C /* Extensions.swift */ = {isa = PBXFileReference; fileEncoding = 4; lastKnownFileType = sourcecode.swift; path = Extensions.swift; sourceTree = "<group>"; };
/* End PBXFileReference section */

/* Begin PBXFrameworksBuildPhase section */
		5E95405C1F6A3204009F5697 /* Frameworks */ = {
			isa = PBXFrameworksBuildPhase;
			buildActionMask = 2147483647;
			files = (
			);
			runOnlyForDeploymentPostprocessing = 0;
		};
		5E95406D1F6A3204009F5697 /* Frameworks */ = {
			isa = PBXFrameworksBuildPhase;
			buildActionMask = 2147483647;
			files = (
			);
			runOnlyForDeploymentPostprocessing = 0;
		};
		5E9540781F6A3204009F5697 /* Frameworks */ = {
			isa = PBXFrameworksBuildPhase;
			buildActionMask = 2147483647;
			files = (
			);
			runOnlyForDeploymentPostprocessing = 0;
		};
/* End PBXFrameworksBuildPhase section */

/* Begin PBXGroup section */
		5E9540561F6A3204009F5697 = {
			isa = PBXGroup;
			children = (
				5E9540611F6A3204009F5697 /* test drag 2 */,
				5E9540731F6A3204009F5697 /* test drag 2Tests */,
				5E95407E1F6A3204009F5697 /* test drag 2UITests */,
				5E9540601F6A3204009F5697 /* Products */,
			);
			sourceTree = "<group>";
		};
		5E9540601F6A3204009F5697 /* Products */ = {
			isa = PBXGroup;
			children = (
				5E95405F1F6A3204009F5697 /* test drag 2.app */,
				5E9540701F6A3204009F5697 /* test drag 2Tests.xctest */,
				5E95407B1F6A3204009F5697 /* test drag 2UITests.xctest */,
			);
			name = Products;
			sourceTree = "<group>";
		};
		5E9540611F6A3204009F5697 /* test drag 2 */ = {
			isa = PBXGroup;
			children = (
				5E9540621F6A3204009F5697 /* AppDelegate.swift */,
				5E9540641F6A3204009F5697 /* ViewController.swift */,
				5EC4B1181F6F2B4100D8695C /* Extensions.swift */,
				5E95408D1F6A3248009F5697 /* mainContainerView.swift */,
				5E9540661F6A3204009F5697 /* Assets.xcassets */,
				5E9540681F6A3204009F5697 /* Main.storyboard */,
				5E95406B1F6A3204009F5697 /* Info.plist */,
			);
			path = "test drag 2";
			sourceTree = "<group>";
		};
		5E9540731F6A3204009F5697 /* test drag 2Tests */ = {
			isa = PBXGroup;
			children = (
				5E9540741F6A3204009F5697 /* test_drag_2Tests.swift */,
				5E9540761F6A3204009F5697 /* Info.plist */,
			);
			path = "test drag 2Tests";
			sourceTree = "<group>";
		};
		5E95407E1F6A3204009F5697 /* test drag 2UITests */ = {
			isa = PBXGroup;
			children = (
				5E95407F1F6A3204009F5697 /* test_drag_2UITests.swift */,
				5E9540811F6A3204009F5697 /* Info.plist */,
			);
			path = "test drag 2UITests";
			sourceTree = "<group>";
		};
/* End PBXGroup section */

/* Begin PBXNativeTarget section */
		5E95405E1F6A3204009F5697 /* test drag 2 */ = {
			isa = PBXNativeTarget;
			buildConfigurationList = 5E9540841F6A3204009F5697 /* Build configuration list for PBXNativeTarget "test drag 2" */;
			buildPhases = (
				5E95405B1F6A3204009F5697 /* Sources */,
				5E95405C1F6A3204009F5697 /* Frameworks */,
				5E95405D1F6A3204009F5697 /* Resources */,
			);
			buildRules = (
			);
			dependencies = (
			);
			name = "test drag 2";
			productName = "test drag 2";
			productReference = 5E95405F1F6A3204009F5697 /* test drag 2.app */;
			productType = "com.apple.product-type.application";
		};
		5E95406F1F6A3204009F5697 /* test drag 2Tests */ = {
			isa = PBXNativeTarget;
			buildConfigurationList = 5E9540871F6A3204009F5697 /* Build configuration list for PBXNativeTarget "test drag 2Tests" */;
			buildPhases = (
				5E95406C1F6A3204009F5697 /* Sources */,
				5E95406D1F6A3204009F5697 /* Frameworks */,
				5E95406E1F6A3204009F5697 /* Resources */,
			);
			buildRules = (
			);
			dependencies = (
				5E9540721F6A3204009F5697 /* PBXTargetDependency */,
			);
			name = "test drag 2Tests";
			productName = "test drag 2Tests";
			productReference = 5E9540701F6A3204009F5697 /* test drag 2Tests.xctest */;
			productType = "com.apple.product-type.bundle.unit-test";
		};
		5E95407A1F6A3204009F5697 /* test drag 2UITests */ = {
			isa = PBXNativeTarget;
			buildConfigurationList = 5E95408A1F6A3204009F5697 /* Build configuration list for PBXNativeTarget "test drag 2UITests" */;
			buildPhases = (
				5E9540771F6A3204009F5697 /* Sources */,
				5E9540781F6A3204009F5697 /* Frameworks */,
				5E9540791F6A3204009F5697 /* Resources */,
			);
			buildRules = (
			);
			dependencies = (
				5E95407D1F6A3204009F5697 /* PBXTargetDependency */,
			);
			name = "test drag 2UITests";
			productName = "test drag 2UITests";
			productReference = 5E95407B1F6A3204009F5697 /* test drag 2UITests.xctest */;
			productType = "com.apple.product-type.bundle.ui-testing";
		};
/* End PBXNativeTarget section */

/* Begin PBXProject section */
		5E9540571F6A3204009F5697 /* Project object */ = {
			isa = PBXProject;
			attributes = {
				LastSwiftUpdateCheck = 0830;
				LastUpgradeCheck = 0830;
				ORGANIZATIONNAME = george;
				TargetAttributes = {
					5E95405E1F6A3204009F5697 = {
						CreatedOnToolsVersion = 8.3.3;
						ProvisioningStyle = Automatic;
					};
					5E95406F1F6A3204009F5697 = {
						CreatedOnToolsVersion = 8.3.3;
						ProvisioningStyle = Automatic;
						TestTargetID = 5E95405E1F6A3204009F5697;
					};
					5E95407A1F6A3204009F5697 = {
						CreatedOnToolsVersion = 8.3.3;
						ProvisioningStyle = Automatic;
						TestTargetID = 5E95405E1F6A3204009F5697;
					};
				};
			};
			buildConfigurationList = 5E95405A1F6A3204009F5697 /* Build configuration list for PBXProject "test drag 2" */;
			compatibilityVersion = "Xcode 3.2";
			developmentRegion = English;
			hasScannedForEncodings = 0;
			knownRegions = (
				en,
				Base,
			);
			mainGroup = 5E9540561F6A3204009F5697;
			productRefGroup = 5E9540601F6A3204009F5697 /* Products */;
			projectDirPath = "";
			projectRoot = "";
			targets = (
				5E95405E1F6A3204009F5697 /* test drag 2 */,
				5E95406F1F6A3204009F5697 /* test drag 2Tests */,
				5E95407A1F6A3204009F5697 /* test drag 2UITests */,
			);
		};
/* End PBXProject section */

/* Begin PBXResourcesBuildPhase section */
		5E95405D1F6A3204009F5697 /* Resources */ = {
			isa = PBXResourcesBuildPhase;
			buildActionMask = 2147483647;
			files = (
				5E9540671F6A3204009F5697 /* Assets.xcassets in Resources */,
				5E95406A1F6A3204009F5697 /* Main.storyboard in Resources */,
			);
			runOnlyForDeploymentPostprocessing = 0;
		};
		5E95406E1F6A3204009F5697 /* Resources */ = {
			isa = PBXResourcesBuildPhase;
			buildActionMask = 2147483647;
			files = (
			);
			runOnlyForDeploymentPostprocessing = 0;
		};
		5E9540791F6A3204009F5697 /* Resources */ = {
			isa = PBXResourcesBuildPhase;
			buildActionMask = 2147483647;
			files = (
			);
			runOnlyForDeploymentPostprocessing = 0;
		};
/* End PBXResourcesBuildPhase section */

/* Begin PBXSourcesBuildPhase section */
		5E95405B1F6A3204009F5697 /* Sources */ = {
			isa = PBXSourcesBuildPhase;
			buildActionMask = 2147483647;
			files = (
				5E9540651F6A3204009F5697 /* ViewController.swift in Sources */,
				5E9540631F6A3204009F5697 /* AppDelegate.swift in Sources */,
				5E95408E1F6A3248009F5697 /* mainContainerView.swift in Sources */,
				5EC4B1191F6F2B4100D8695C /* Extensions.swift in Sources */,
			);
			runOnlyForDeploymentPostprocessing = 0;
		};
		5E95406C1F6A3204009F5697 /* Sources */ = {
			isa = PBXSourcesBuildPhase;
			buildActionMask = 2147483647;
			files = (
				5E9540751F6A3204009F5697 /* test_drag_2Tests.swift in Sources */,
			);
			runOnlyForDeploymentPostprocessing = 0;
		};
		5E9540771F6A3204009F5697 /* Sources */ = {
			isa = PBXSourcesBuildPhase;
			buildActionMask = 2147483647;
			files = (
				5E9540801F6A3204009F5697 /* test_drag_2UITests.swift in Sources */,
			);
			runOnlyForDeploymentPostprocessing = 0;
		};
/* End PBXSourcesBuildPhase section */

/* Begin PBXTargetDependency section */
		5E9540721F6A3204009F5697 /* PBXTargetDependency */ = {
			isa = PBXTargetDependency;
			target = 5E95405E1F6A3204009F5697 /* test drag 2 */;
			targetProxy = 5E9540711F6A3204009F5697 /* PBXContainerItemProxy */;
		};
		5E95407D1F6A3204009F5697 /* PBXTargetDependency */ = {
			isa = PBXTargetDependency;
			target = 5E95405E1F6A3204009F5697 /* test drag 2 */;
			targetProxy = 5E95407C1F6A3204009F5697 /* PBXContainerItemProxy */;
		};
/* End PBXTargetDependency section */

/* Begin PBXVariantGroup section */
		5E9540681F6A3204009F5697 /* Main.storyboard */ = {
			isa = PBXVariantGroup;
			children = (
				5E9540691F6A3204009F5697 /* Base */,
			);
			name = Main.storyboard;
			sourceTree = "<group>";
		};
/* End PBXVariantGroup section */

/* Begin XCBuildConfiguration section */
		5E9540821F6A3204009F5697 /* Debug */ = {
			isa = XCBuildConfiguration;
			buildSettings = {
				ALWAYS_SEARCH_USER_PATHS = NO;
				CLANG_ANALYZER_NONNULL = YES;
				CLANG_ANALYZER_NUMBER_OBJECT_CONVERSION = YES_AGGRESSIVE;
				CLANG_CXX_LANGUAGE_STANDARD = "gnu++0x";
				CLANG_CXX_LIBRARY = "libc++";
				CLANG_ENABLE_MODULES = YES;
				CLANG_ENABLE_OBJC_ARC = YES;
				CLANG_WARN_BOOL_CONVERSION = YES;
				CLANG_WARN_CONSTANT_CONVERSION = YES;
				CLANG_WARN_DIRECT_OBJC_ISA_USAGE = YES_ERROR;
				CLANG_WARN_DOCUMENTATION_COMMENTS = YES;
				CLANG_WARN_EMPTY_BODY = YES;
				CLANG_WARN_ENUM_CONVERSION = YES;
				CLANG_WARN_INFINITE_RECURSION = YES;
				CLANG_WARN_INT_CONVERSION = YES;
				CLANG_WARN_OBJC_ROOT_CLASS = YES_ERROR;
				CLANG_WARN_SUSPICIOUS_MOVE = YES;
				CLANG_WARN_UNREACHABLE_CODE = YES;
				CLANG_WARN__DUPLICATE_METHOD_MATCH = YES;
				CODE_SIGN_IDENTITY = "-";
				COPY_PHASE_STRIP = NO;
				DEBUG_INFORMATION_FORMAT = dwarf;
				ENABLE_STRICT_OBJC_MSGSEND = YES;
				ENABLE_TESTABILITY = YES;
				GCC_C_LANGUAGE_STANDARD = gnu99;
				GCC_DYNAMIC_NO_PIC = NO;
				GCC_NO_COMMON_BLOCKS = YES;
				GCC_OPTIMIZATION_LEVEL = 0;
				GCC_PREPROCESSOR_DEFINITIONS = (
					"DEBUG=1",
					"$(inherited)",
				);
				GCC_WARN_64_TO_32_BIT_CONVERSION = YES;
				GCC_WARN_ABOUT_RETURN_TYPE = YES_ERROR;
				GCC_WARN_UNDECLARED_SELECTOR = YES;
				GCC_WARN_UNINITIALIZED_AUTOS = YES_AGGRESSIVE;
				GCC_WARN_UNUSED_FUNCTION = YES;
				GCC_WARN_UNUSED_VARIABLE = YES;
				MACOSX_DEPLOYMENT_TARGET = 10.12;
				MTL_ENABLE_DEBUG_INFO = YES;
				ONLY_ACTIVE_ARCH = YES;
				SDKROOT = macosx;
				SWIFT_ACTIVE_COMPILATION_CONDITIONS = DEBUG;
				SWIFT_OPTIMIZATION_LEVEL = "-Onone";
			};
			name = Debug;
		};
		5E9540831F6A3204009F5697 /* Release */ = {
			isa = XCBuildConfiguration;
			buildSettings = {
				ALWAYS_SEARCH_USER_PATHS = NO;
				CLANG_ANALYZER_NONNULL = YES;
				CLANG_ANALYZER_NUMBER_OBJECT_CONVERSION = YES_AGGRESSIVE;
				CLANG_CXX_LANGUAGE_STANDARD = "gnu++0x";
				CLANG_CXX_LIBRARY = "libc++";
				CLANG_ENABLE_MODULES = YES;
				CLANG_ENABLE_OBJC_ARC = YES;
				CLANG_WARN_BOOL_CONVERSION = YES;
				CLANG_WARN_CONSTANT_CONVERSION = YES;
				CLANG_WARN_DIRECT_OBJC_ISA_USAGE = YES_ERROR;
				CLANG_WARN_DOCUMENTATION_COMMENTS = YES;
				CLANG_WARN_EMPTY_BODY = YES;
				CLANG_WARN_ENUM_CONVERSION = YES;
				CLANG_WARN_INFINITE_RECURSION = YES;
				CLANG_WARN_INT_CONVERSION = YES;
				CLANG_WARN_OBJC_ROOT_CLASS = YES_ERROR;
				CLANG_WARN_SUSPICIOUS_MOVE = YES;
				CLANG_WARN_UNREACHABLE_CODE = YES;
				CLANG_WARN__DUPLICATE_METHOD_MATCH = YES;
				CODE_SIGN_IDENTITY = "-";
				COPY_PHASE_STRIP = NO;
				DEBUG_INFORMATION_FORMAT = "dwarf-with-dsym";
				ENABLE_NS_ASSERTIONS = NO;
				ENABLE_STRICT_OBJC_MSGSEND = YES;
				GCC_C_LANGUAGE_STANDARD = gnu99;
				GCC_NO_COMMON_BLOCKS = YES;
				GCC_WARN_64_TO_32_BIT_CONVERSION = YES;
				GCC_WARN_ABOUT_RETURN_TYPE = YES_ERROR;
				GCC_WARN_UNDECLARED_SELECTOR = YES;
				GCC_WARN_UNINITIALIZED_AUTOS = YES_AGGRESSIVE;
				GCC_WARN_UNUSED_FUNCTION = YES;
				GCC_WARN_UNUSED_VARIABLE = YES;
				MACOSX_DEPLOYMENT_TARGET = 10.12;
				MTL_ENABLE_DEBUG_INFO = NO;
				SDKROOT = macosx;
				SWIFT_OPTIMIZATION_LEVEL = "-Owholemodule";
			};
			name = Release;
		};
		5E9540851F6A3204009F5697 /* Debug */ = {
			isa = XCBuildConfiguration;
			buildSettings = {
				ASSETCATALOG_COMPILER_APPICON_NAME = AppIcon;
				COMBINE_HIDPI_IMAGES = YES;
				INFOPLIST_FILE = "test drag 2/Info.plist";
				LD_RUNPATH_SEARCH_PATHS = "$(inherited) @executable_path/../Frameworks";
				PRODUCT_BUNDLE_IDENTIFIER = "com.georgedubrik.test-drag-2";
				PRODUCT_NAME = "$(TARGET_NAME)";
				SWIFT_VERSION = 3.0;
			};
			name = Debug;
		};
		5E9540861F6A3204009F5697 /* Release */ = {
			isa = XCBuildConfiguration;
			buildSettings = {
				ASSETCATALOG_COMPILER_APPICON_NAME = AppIcon;
				COMBINE_HIDPI_IMAGES = YES;
				INFOPLIST_FILE = "test drag 2/Info.plist";
				LD_RUNPATH_SEARCH_PATHS = "$(inherited) @executable_path/../Frameworks";
				PRODUCT_BUNDLE_IDENTIFIER = "com.georgedubrik.test-drag-2";
				PRODUCT_NAME = "$(TARGET_NAME)";
				SWIFT_VERSION = 3.0;
			};
			name = Release;
		};
		5E9540881F6A3204009F5697 /* Debug */ = {
			isa = XCBuildConfiguration;
			buildSettings = {
				ALWAYS_EMBED_SWIFT_STANDARD_LIBRARIES = YES;
				BUNDLE_LOADER = "$(TEST_HOST)";
				COMBINE_HIDPI_IMAGES = YES;
				INFOPLIST_FILE = "test drag 2Tests/Info.plist";
				LD_RUNPATH_SEARCH_PATHS = "$(inherited) @executable_path/../Frameworks @loader_path/../Frameworks";
				PRODUCT_BUNDLE_IDENTIFIER = "com.georgedubrik.test-drag-2Tests";
				PRODUCT_NAME = "$(TARGET_NAME)";
				SWIFT_VERSION = 3.0;
				TEST_HOST = "$(BUILT_PRODUCTS_DIR)/test drag 2.app/Contents/MacOS/test drag 2";
			};
			name = Debug;
		};
		5E9540891F6A3204009F5697 /* Release */ = {
			isa = XCBuildConfiguration;
			buildSettings = {
				ALWAYS_EMBED_SWIFT_STANDARD_LIBRARIES = YES;
				BUNDLE_LOADER = "$(TEST_HOST)";
				COMBINE_HIDPI_IMAGES = YES;
				INFOPLIST_FILE = "test drag 2Tests/Info.plist";
				LD_RUNPATH_SEARCH_PATHS = "$(inherited) @executable_path/../Frameworks @loader_path/../Frameworks";
				PRODUCT_BUNDLE_IDENTIFIER = "com.georgedubrik.test-drag-2Tests";
				PRODUCT_NAME = "$(TARGET_NAME)";
				SWIFT_VERSION = 3.0;
				TEST_HOST = "$(BUILT_PRODUCTS_DIR)/test drag 2.app/Contents/MacOS/test drag 2";
			};
			name = Release;
		};
		5E95408B1F6A3204009F5697 /* Debug */ = {
			isa = XCBuildConfiguration;
			buildSettings = {
				ALWAYS_EMBED_SWIFT_STANDARD_LIBRARIES = YES;
				COMBINE_HIDPI_IMAGES = YES;
				INFOPLIST_FILE = "test drag 2UITests/Info.plist";
				LD_RUNPATH_SEARCH_PATHS = "$(inherited) @executable_path/../Frameworks @loader_path/../Frameworks";
				PRODUCT_BUNDLE_IDENTIFIER = "com.georgedubrik.test-drag-2UITests";
				PRODUCT_NAME = "$(TARGET_NAME)";
				SWIFT_VERSION = 3.0;
				TEST_TARGET_NAME = "test drag 2";
			};
			name = Debug;
		};
		5E95408C1F6A3204009F5697 /* Release */ = {
			isa = XCBuildConfiguration;
			buildSettings = {
				ALWAYS_EMBED_SWIFT_STANDARD_LIBRARIES = YES;
				COMBINE_HIDPI_IMAGES = YES;
				INFOPLIST_FILE = "test drag 2UITests/Info.plist";
				LD_RUNPATH_SEARCH_PATHS = "$(inherited) @executable_path/../Frameworks @loader_path/../Frameworks";
				PRODUCT_BUNDLE_IDENTIFIER = "com.georgedubrik.test-drag-2UITests";
				PRODUCT_NAME = "$(TARGET_NAME)";
				SWIFT_VERSION = 3.0;
				TEST_TARGET_NAME = "test drag 2";
			};
			name = Release;
		};
/* End XCBuildConfiguration section */

/* Begin XCConfigurationList section */
		5E95405A1F6A3204009F5697 /* Build configuration list for PBXProject "test drag 2" */ = {
			isa = XCConfigurationList;
			buildConfigurations = (
				5E9540821F6A3204009F5697 /* Debug */,
				5E9540831F6A3204009F5697 /* Release */,
			);
			defaultConfigurationIsVisible = 0;
			defaultConfigurationName = Release;
		};
		5E9540841F6A3204009F5697 /* Build configuration list for PBXNativeTarget "test drag 2" */ = {
			isa = XCConfigurationList;
			buildConfigurations = (
				5E9540851F6A3204009F5697 /* Debug */,
				5E9540861F6A3204009F5697 /* Release */,
			);
			defaultConfigurationIsVisible = 0;
			defaultConfigurationName = Release;
		};
		5E9540871F6A3204009F5697 /* Build configuration list for PBXNativeTarget "test drag 2Tests" */ = {
			isa = XCConfigurationList;
			buildConfigurations = (
				5E9540881F6A3204009F5697 /* Debug */,
				5E9540891F6A3204009F5697 /* Release */,
			);
			defaultConfigurationIsVisible = 0;
			defaultConfigurationName = Release;
		};
		5E95408A1F6A3204009F5697 /* Build configuration list for PBXNativeTarget "test drag 2UITests" */ = {
			isa = XCConfigurationList;
			buildConfigurations = (
				5E95408B1F6A3204009F5697 /* Debug */,
				5E95408C1F6A3204009F5697 /* Release */,
			);
			defaultConfigurationIsVisible = 0;
			defaultConfigurationName = Release;
		};
/* End XCConfigurationList section */
	};
	rootObject = 5E9540571F6A3204009F5697 /* Project object */;
}
